// !$*UTF8*$!
{
	archiveVersion = 1;
	classes = {
	};
	objectVersion = 52;
	objects = {

/* Begin PBXBuildFile section */
		161FCA22AB0C0CA359BCDDF0 /* Pods_ClimateImpactTests.framework in Frameworks */ = {isa = PBXBuildFile; fileRef = CE1324C9F6CE723E56FCB3B4 /* Pods_ClimateImpactTests.framework */; };
		79A8192027782B8100A30FBB /* ClimateImpact Logo.png in Resources */ = {isa = PBXBuildFile; fileRef = 79A8191F27782B8100A30FBB /* ClimateImpact Logo.png */; };
		79A819232778341800A30FBB /* Alamofire in Frameworks */ = {isa = PBXBuildFile; productRef = 79A819222778341800A30FBB /* Alamofire */; };
		79A819252778344C00A30FBB /* APIFunctions.swift in Sources */ = {isa = PBXBuildFile; fileRef = 79A819242778344C00A30FBB /* APIFunctions.swift */; };
		E3E689E0266E5064D949F60F /* Pods_ClimateImpact_ClimateImpactUITests.framework in Frameworks */ = {isa = PBXBuildFile; fileRef = 985BBE6485E15B304FFB6CE6 /* Pods_ClimateImpact_ClimateImpactUITests.framework */; };
		F20EE0B77246011AAB7162A7 /* Pods_ClimateImpact.framework in Frameworks */ = {isa = PBXBuildFile; fileRef = DCB33438E8C2328568A1F44C /* Pods_ClimateImpact.framework */; };
		F42E229927764EDD00B552F4 /* AppDelegate.swift in Sources */ = {isa = PBXBuildFile; fileRef = F42E229827764EDD00B552F4 /* AppDelegate.swift */; };
		F42E229B27764EDD00B552F4 /* SceneDelegate.swift in Sources */ = {isa = PBXBuildFile; fileRef = F42E229A27764EDD00B552F4 /* SceneDelegate.swift */; };
		F42E229D27764EDD00B552F4 /* WelcomeViewController.swift in Sources */ = {isa = PBXBuildFile; fileRef = F42E229C27764EDD00B552F4 /* WelcomeViewController.swift */; };
		F42E22A027764EDD00B552F4 /* Main.storyboard in Resources */ = {isa = PBXBuildFile; fileRef = F42E229E27764EDD00B552F4 /* Main.storyboard */; };
		F42E22A227764EE000B552F4 /* Assets.xcassets in Resources */ = {isa = PBXBuildFile; fileRef = F42E22A127764EE000B552F4 /* Assets.xcassets */; };
		F42E22A527764EE000B552F4 /* LaunchScreen.storyboard in Resources */ = {isa = PBXBuildFile; fileRef = F42E22A327764EE000B552F4 /* LaunchScreen.storyboard */; };
		F42E22B027764EE100B552F4 /* ClimateImpactTests.swift in Sources */ = {isa = PBXBuildFile; fileRef = F42E22AF27764EE100B552F4 /* ClimateImpactTests.swift */; };
		F42E22BB27764EE100B552F4 /* ClimateImpactUITests.swift in Sources */ = {isa = PBXBuildFile; fileRef = F42E22BA27764EE100B552F4 /* ClimateImpactUITests.swift */; };
		F42E22ED2776879E00B552F4 /* LogInViewController.swift in Sources */ = {isa = PBXBuildFile; fileRef = F42E22EC2776879E00B552F4 /* LogInViewController.swift */; };
		F42E22F22776880B00B552F4 /* SignUpViewController.swift in Sources */ = {isa = PBXBuildFile; fileRef = F42E22F12776880B00B552F4 /* SignUpViewController.swift */; };
		F42E22F72776883400B552F4 /* DashboardViewController.swift in Sources */ = {isa = PBXBuildFile; fileRef = F42E22F62776883400B552F4 /* DashboardViewController.swift */; };
		F42E23062776891100B552F4 /* ChartViewController.swift in Sources */ = {isa = PBXBuildFile; fileRef = F42E23052776891100B552F4 /* ChartViewController.swift */; };
		F42E233C2776C2B100B552F4 /* RiskMapViewController.swift in Sources */ = {isa = PBXBuildFile; fileRef = F42E233B2776C2B100B552F4 /* RiskMapViewController.swift */; };
		F42E23412776C2F700B552F4 /* FootprintMapViewController.swift in Sources */ = {isa = PBXBuildFile; fileRef = F42E23402776C2F700B552F4 /* FootprintMapViewController.swift */; };
		F42E23462776C4C400B552F4 /* RiskIndexViewController.swift in Sources */ = {isa = PBXBuildFile; fileRef = F42E23452776C4C400B552F4 /* RiskIndexViewController.swift */; };
		F42E234E2776C53C00B552F4 /* FootprintIndexViewController.swift in Sources */ = {isa = PBXBuildFile; fileRef = F42E234D2776C53C00B552F4 /* FootprintIndexViewController.swift */; };
		F42E236D27779E5A00B552F4 /* SignUpQsViewControllers.swift in Sources */ = {isa = PBXBuildFile; fileRef = F42E236C27779E5900B552F4 /* SignUpQsViewControllers.swift */; };
		F42E23732777A8D500B552F4 /* ElectricityByCounty.csv in Resources */ = {isa = PBXBuildFile; fileRef = F42E23712777A8D400B552F4 /* ElectricityByCounty.csv */; };
		F42E237C2777AF0F00B552F4 /* FactorsTableViewCell.swift in Sources */ = {isa = PBXBuildFile; fileRef = F42E237B2777AF0E00B552F4 /* FactorsTableViewCell.swift */; };
		F42E23812777B15A00B552F4 /* PredictedElectricity.csv in Resources */ = {isa = PBXBuildFile; fileRef = F42E23802777B15A00B552F4 /* PredictedElectricity.csv */; };
		F42E23912777EA8400B552F4 /* libsqlite3.0.tbd in Frameworks */ = {isa = PBXBuildFile; fileRef = F42E23892777C57400B552F4 /* libsqlite3.0.tbd */; };
		F42E23A327780AE800B552F4 /* DataSaverStruct.swift in Sources */ = {isa = PBXBuildFile; fileRef = F42E23A227780AE600B552F4 /* DataSaverStruct.swift */; };
/* End PBXBuildFile section */

/* Begin PBXContainerItemProxy section */
		F42E22AC27764EE100B552F4 /* PBXContainerItemProxy */ = {
			isa = PBXContainerItemProxy;
			containerPortal = F42E228D27764EDD00B552F4 /* Project object */;
			proxyType = 1;
			remoteGlobalIDString = F42E229427764EDD00B552F4;
			remoteInfo = ClimateImpact;
		};
		F42E22B727764EE100B552F4 /* PBXContainerItemProxy */ = {
			isa = PBXContainerItemProxy;
			containerPortal = F42E228D27764EDD00B552F4 /* Project object */;
			proxyType = 1;
			remoteGlobalIDString = F42E229427764EDD00B552F4;
			remoteInfo = ClimateImpact;
		};
/* End PBXContainerItemProxy section */

/* Begin PBXFileReference section */
		4C44FE96F5E529AB8FB6A921 /* Pods-ClimateImpact.release.xcconfig */ = {isa = PBXFileReference; includeInIndex = 1; lastKnownFileType = text.xcconfig; name = "Pods-ClimateImpact.release.xcconfig"; path = "Target Support Files/Pods-ClimateImpact/Pods-ClimateImpact.release.xcconfig"; sourceTree = "<group>"; };
		698793355FE09C280B7AE3A2 /* Pods-ClimateImpact.debug.xcconfig */ = {isa = PBXFileReference; includeInIndex = 1; lastKnownFileType = text.xcconfig; name = "Pods-ClimateImpact.debug.xcconfig"; path = "Target Support Files/Pods-ClimateImpact/Pods-ClimateImpact.debug.xcconfig"; sourceTree = "<group>"; };
		79A8191F27782B8100A30FBB /* ClimateImpact Logo.png */ = {isa = PBXFileReference; lastKnownFileType = image.png; path = "ClimateImpact Logo.png"; sourceTree = "<group>"; };
		79A819242778344C00A30FBB /* APIFunctions.swift */ = {isa = PBXFileReference; lastKnownFileType = sourcecode.swift; path = APIFunctions.swift; sourceTree = "<group>"; };
		83834129A10BAC393B867821 /* Pods-ClimateImpactTests.debug.xcconfig */ = {isa = PBXFileReference; includeInIndex = 1; lastKnownFileType = text.xcconfig; name = "Pods-ClimateImpactTests.debug.xcconfig"; path = "Target Support Files/Pods-ClimateImpactTests/Pods-ClimateImpactTests.debug.xcconfig"; sourceTree = "<group>"; };
		985BBE6485E15B304FFB6CE6 /* Pods_ClimateImpact_ClimateImpactUITests.framework */ = {isa = PBXFileReference; explicitFileType = wrapper.framework; includeInIndex = 0; path = Pods_ClimateImpact_ClimateImpactUITests.framework; sourceTree = BUILT_PRODUCTS_DIR; };
		B5BFB2AFD91C018B143EA8A5 /* Pods-ClimateImpact-ClimateImpactUITests.release.xcconfig */ = {isa = PBXFileReference; includeInIndex = 1; lastKnownFileType = text.xcconfig; name = "Pods-ClimateImpact-ClimateImpactUITests.release.xcconfig"; path = "Target Support Files/Pods-ClimateImpact-ClimateImpactUITests/Pods-ClimateImpact-ClimateImpactUITests.release.xcconfig"; sourceTree = "<group>"; };
		C639CA5551DB28E5F3FDFB25 /* Pods-ClimateImpactTests.release.xcconfig */ = {isa = PBXFileReference; includeInIndex = 1; lastKnownFileType = text.xcconfig; name = "Pods-ClimateImpactTests.release.xcconfig"; path = "Target Support Files/Pods-ClimateImpactTests/Pods-ClimateImpactTests.release.xcconfig"; sourceTree = "<group>"; };
		CE1324C9F6CE723E56FCB3B4 /* Pods_ClimateImpactTests.framework */ = {isa = PBXFileReference; explicitFileType = wrapper.framework; includeInIndex = 0; path = Pods_ClimateImpactTests.framework; sourceTree = BUILT_PRODUCTS_DIR; };
		DCB33438E8C2328568A1F44C /* Pods_ClimateImpact.framework */ = {isa = PBXFileReference; explicitFileType = wrapper.framework; includeInIndex = 0; path = Pods_ClimateImpact.framework; sourceTree = BUILT_PRODUCTS_DIR; };
		F42E229527764EDD00B552F4 /* ClimateImpact.app */ = {isa = PBXFileReference; explicitFileType = wrapper.application; includeInIndex = 0; path = ClimateImpact.app; sourceTree = BUILT_PRODUCTS_DIR; };
		F42E229827764EDD00B552F4 /* AppDelegate.swift */ = {isa = PBXFileReference; lastKnownFileType = sourcecode.swift; path = AppDelegate.swift; sourceTree = "<group>"; };
		F42E229A27764EDD00B552F4 /* SceneDelegate.swift */ = {isa = PBXFileReference; lastKnownFileType = sourcecode.swift; path = SceneDelegate.swift; sourceTree = "<group>"; };
		F42E229C27764EDD00B552F4 /* WelcomeViewController.swift */ = {isa = PBXFileReference; lastKnownFileType = sourcecode.swift; path = WelcomeViewController.swift; sourceTree = "<group>"; };
		F42E229F27764EDD00B552F4 /* Base */ = {isa = PBXFileReference; lastKnownFileType = file.storyboard; name = Base; path = Base.lproj/Main.storyboard; sourceTree = "<group>"; };
		F42E22A127764EE000B552F4 /* Assets.xcassets */ = {isa = PBXFileReference; lastKnownFileType = folder.assetcatalog; path = Assets.xcassets; sourceTree = "<group>"; };
		F42E22A427764EE000B552F4 /* Base */ = {isa = PBXFileReference; lastKnownFileType = file.storyboard; name = Base; path = Base.lproj/LaunchScreen.storyboard; sourceTree = "<group>"; };
		F42E22A627764EE000B552F4 /* Info.plist */ = {isa = PBXFileReference; lastKnownFileType = text.plist.xml; path = Info.plist; sourceTree = "<group>"; };
		F42E22AB27764EE100B552F4 /* ClimateImpactTests.xctest */ = {isa = PBXFileReference; explicitFileType = wrapper.cfbundle; includeInIndex = 0; path = ClimateImpactTests.xctest; sourceTree = BUILT_PRODUCTS_DIR; };
		F42E22AF27764EE100B552F4 /* ClimateImpactTests.swift */ = {isa = PBXFileReference; lastKnownFileType = sourcecode.swift; path = ClimateImpactTests.swift; sourceTree = "<group>"; };
		F42E22B127764EE100B552F4 /* Info.plist */ = {isa = PBXFileReference; lastKnownFileType = text.plist.xml; path = Info.plist; sourceTree = "<group>"; };
		F42E22B627764EE100B552F4 /* ClimateImpactUITests.xctest */ = {isa = PBXFileReference; explicitFileType = wrapper.cfbundle; includeInIndex = 0; path = ClimateImpactUITests.xctest; sourceTree = BUILT_PRODUCTS_DIR; };
		F42E22BA27764EE100B552F4 /* ClimateImpactUITests.swift */ = {isa = PBXFileReference; lastKnownFileType = sourcecode.swift; path = ClimateImpactUITests.swift; sourceTree = "<group>"; };
		F42E22BC27764EE100B552F4 /* Info.plist */ = {isa = PBXFileReference; lastKnownFileType = text.plist.xml; path = Info.plist; sourceTree = "<group>"; };
		F42E22EC2776879E00B552F4 /* LogInViewController.swift */ = {isa = PBXFileReference; lastKnownFileType = sourcecode.swift; path = LogInViewController.swift; sourceTree = "<group>"; };
		F42E22F12776880B00B552F4 /* SignUpViewController.swift */ = {isa = PBXFileReference; lastKnownFileType = sourcecode.swift; path = SignUpViewController.swift; sourceTree = "<group>"; };
		F42E22F62776883400B552F4 /* DashboardViewController.swift */ = {isa = PBXFileReference; lastKnownFileType = sourcecode.swift; path = DashboardViewController.swift; sourceTree = "<group>"; };
		F42E23052776891100B552F4 /* ChartViewController.swift */ = {isa = PBXFileReference; lastKnownFileType = sourcecode.swift; path = ChartViewController.swift; sourceTree = "<group>"; };
		F42E233B2776C2B100B552F4 /* RiskMapViewController.swift */ = {isa = PBXFileReference; lastKnownFileType = sourcecode.swift; path = RiskMapViewController.swift; sourceTree = "<group>"; };
		F42E23402776C2F700B552F4 /* FootprintMapViewController.swift */ = {isa = PBXFileReference; lastKnownFileType = sourcecode.swift; path = FootprintMapViewController.swift; sourceTree = "<group>"; };
		F42E23452776C4C400B552F4 /* RiskIndexViewController.swift */ = {isa = PBXFileReference; lastKnownFileType = sourcecode.swift; path = RiskIndexViewController.swift; sourceTree = "<group>"; };
		F42E234D2776C53C00B552F4 /* FootprintIndexViewController.swift */ = {isa = PBXFileReference; lastKnownFileType = sourcecode.swift; path = FootprintIndexViewController.swift; sourceTree = "<group>"; };
		F42E236C27779E5900B552F4 /* SignUpQsViewControllers.swift */ = {isa = PBXFileReference; lastKnownFileType = sourcecode.swift; path = SignUpQsViewControllers.swift; sourceTree = "<group>"; };
		F42E23712777A8D400B552F4 /* ElectricityByCounty.csv */ = {isa = PBXFileReference; lastKnownFileType = text; path = ElectricityByCounty.csv; sourceTree = SOURCE_ROOT; };
		F42E237B2777AF0E00B552F4 /* FactorsTableViewCell.swift */ = {isa = PBXFileReference; lastKnownFileType = sourcecode.swift; path = FactorsTableViewCell.swift; sourceTree = "<group>"; };
		F42E23802777B15A00B552F4 /* PredictedElectricity.csv */ = {isa = PBXFileReference; lastKnownFileType = text; path = PredictedElectricity.csv; sourceTree = SOURCE_ROOT; };
		F42E23892777C57400B552F4 /* libsqlite3.0.tbd */ = {isa = PBXFileReference; lastKnownFileType = "sourcecode.text-based-dylib-definition"; name = libsqlite3.0.tbd; path = usr/lib/libsqlite3.0.tbd; sourceTree = SDKROOT; };
		F42E23A227780AE600B552F4 /* DataSaverStruct.swift */ = {isa = PBXFileReference; lastKnownFileType = sourcecode.swift; path = DataSaverStruct.swift; sourceTree = "<group>"; };
		FD06DE4F8FCE1C59CFC57C30 /* Pods-ClimateImpact-ClimateImpactUITests.debug.xcconfig */ = {isa = PBXFileReference; includeInIndex = 1; lastKnownFileType = text.xcconfig; name = "Pods-ClimateImpact-ClimateImpactUITests.debug.xcconfig"; path = "Target Support Files/Pods-ClimateImpact-ClimateImpactUITests/Pods-ClimateImpact-ClimateImpactUITests.debug.xcconfig"; sourceTree = "<group>"; };
/* End PBXFileReference section */

/* Begin PBXFrameworksBuildPhase section */
		F42E229227764EDD00B552F4 /* Frameworks */ = {
			isa = PBXFrameworksBuildPhase;
			buildActionMask = 2147483647;
			files = (
				79A819232778341800A30FBB /* Alamofire in Frameworks */,
				F42E23912777EA8400B552F4 /* libsqlite3.0.tbd in Frameworks */,
				F20EE0B77246011AAB7162A7 /* Pods_ClimateImpact.framework in Frameworks */,
			);
			runOnlyForDeploymentPostprocessing = 0;
		};
		F42E22A827764EE100B552F4 /* Frameworks */ = {
			isa = PBXFrameworksBuildPhase;
			buildActionMask = 2147483647;
			files = (
				161FCA22AB0C0CA359BCDDF0 /* Pods_ClimateImpactTests.framework in Frameworks */,
			);
			runOnlyForDeploymentPostprocessing = 0;
		};
		F42E22B327764EE100B552F4 /* Frameworks */ = {
			isa = PBXFrameworksBuildPhase;
			buildActionMask = 2147483647;
			files = (
				E3E689E0266E5064D949F60F /* Pods_ClimateImpact_ClimateImpactUITests.framework in Frameworks */,
			);
			runOnlyForDeploymentPostprocessing = 0;
		};
/* End PBXFrameworksBuildPhase section */

/* Begin PBXGroup section */
		5FD08D6636E97789E67C35D8 /* Frameworks */ = {
			isa = PBXGroup;
			children = (
				F42E23892777C57400B552F4 /* libsqlite3.0.tbd */,
				DCB33438E8C2328568A1F44C /* Pods_ClimateImpact.framework */,
				985BBE6485E15B304FFB6CE6 /* Pods_ClimateImpact_ClimateImpactUITests.framework */,
				CE1324C9F6CE723E56FCB3B4 /* Pods_ClimateImpactTests.framework */,
			);
			name = Frameworks;
			sourceTree = "<group>";
		};
		B3D1D066675B7E264FDE5EBC /* Pods */ = {
			isa = PBXGroup;
			children = (
				698793355FE09C280B7AE3A2 /* Pods-ClimateImpact.debug.xcconfig */,
				4C44FE96F5E529AB8FB6A921 /* Pods-ClimateImpact.release.xcconfig */,
				FD06DE4F8FCE1C59CFC57C30 /* Pods-ClimateImpact-ClimateImpactUITests.debug.xcconfig */,
				B5BFB2AFD91C018B143EA8A5 /* Pods-ClimateImpact-ClimateImpactUITests.release.xcconfig */,
				83834129A10BAC393B867821 /* Pods-ClimateImpactTests.debug.xcconfig */,
				C639CA5551DB28E5F3FDFB25 /* Pods-ClimateImpactTests.release.xcconfig */,
			);
			path = Pods;
			sourceTree = "<group>";
		};
		F42E228C27764EDD00B552F4 = {
			isa = PBXGroup;
			children = (
				F42E229727764EDD00B552F4 /* ClimateImpact */,
				F42E22AE27764EE100B552F4 /* ClimateImpactTests */,
				F42E22B927764EE100B552F4 /* ClimateImpactUITests */,
				F42E229627764EDD00B552F4 /* Products */,
				B3D1D066675B7E264FDE5EBC /* Pods */,
				5FD08D6636E97789E67C35D8 /* Frameworks */,
			);
			sourceTree = "<group>";
		};
		F42E229627764EDD00B552F4 /* Products */ = {
			isa = PBXGroup;
			children = (
				F42E229527764EDD00B552F4 /* ClimateImpact.app */,
				F42E22AB27764EE100B552F4 /* ClimateImpactTests.xctest */,
				F42E22B627764EE100B552F4 /* ClimateImpactUITests.xctest */,
			);
			name = Products;
			sourceTree = "<group>";
		};
		F42E229727764EDD00B552F4 /* ClimateImpact */ = {
			isa = PBXGroup;
			children = (
				F42E23802777B15A00B552F4 /* PredictedElectricity.csv */,
				F42E23712777A8D400B552F4 /* ElectricityByCounty.csv */,
				F42E229827764EDD00B552F4 /* AppDelegate.swift */,
				F42E229A27764EDD00B552F4 /* SceneDelegate.swift */,
				F42E229E27764EDD00B552F4 /* Main.storyboard */,
				F42E22A127764EE000B552F4 /* Assets.xcassets */,
				F42E22A327764EE000B552F4 /* LaunchScreen.storyboard */,
				F42E22A627764EE000B552F4 /* Info.plist */,
				79A8191F27782B8100A30FBB /* ClimateImpact Logo.png */,
				F42E229C27764EDD00B552F4 /* WelcomeViewController.swift */,
				79A819242778344C00A30FBB /* APIFunctions.swift */,
				F42E22EC2776879E00B552F4 /* LogInViewController.swift */,
				F42E22F12776880B00B552F4 /* SignUpViewController.swift */,
				F42E236C27779E5900B552F4 /* SignUpQsViewControllers.swift */,
				F42E22F62776883400B552F4 /* DashboardViewController.swift */,
				F42E23052776891100B552F4 /* ChartViewController.swift */,
				F42E233B2776C2B100B552F4 /* RiskMapViewController.swift */,
				F42E23402776C2F700B552F4 /* FootprintMapViewController.swift */,
				F42E23452776C4C400B552F4 /* RiskIndexViewController.swift */,
				F42E234D2776C53C00B552F4 /* FootprintIndexViewController.swift */,
				F42E237B2777AF0E00B552F4 /* FactorsTableViewCell.swift */,
				F42E23A227780AE600B552F4 /* DataSaverStruct.swift */,
			);
			path = ClimateImpact;
			sourceTree = "<group>";
		};
		F42E22AE27764EE100B552F4 /* ClimateImpactTests */ = {
			isa = PBXGroup;
			children = (
				F42E22AF27764EE100B552F4 /* ClimateImpactTests.swift */,
				F42E22B127764EE100B552F4 /* Info.plist */,
			);
			path = ClimateImpactTests;
			sourceTree = "<group>";
		};
		F42E22B927764EE100B552F4 /* ClimateImpactUITests */ = {
			isa = PBXGroup;
			children = (
				F42E22BA27764EE100B552F4 /* ClimateImpactUITests.swift */,
				F42E22BC27764EE100B552F4 /* Info.plist */,
			);
			path = ClimateImpactUITests;
			sourceTree = "<group>";
		};
/* End PBXGroup section */

/* Begin PBXNativeTarget section */
		F42E229427764EDD00B552F4 /* ClimateImpact */ = {
			isa = PBXNativeTarget;
			buildConfigurationList = F42E22BF27764EE100B552F4 /* Build configuration list for PBXNativeTarget "ClimateImpact" */;
			buildPhases = (
				C810798340F90648F703400D /* [CP] Check Pods Manifest.lock */,
				F42E229127764EDD00B552F4 /* Sources */,
				F42E229227764EDD00B552F4 /* Frameworks */,
				F42E229327764EDD00B552F4 /* Resources */,
				C8D304E922FB5F0E28BC0825 /* [CP] Embed Pods Frameworks */,
			);
			buildRules = (
			);
			dependencies = (
			);
			name = ClimateImpact;
			packageProductDependencies = (
				79A819222778341800A30FBB /* Alamofire */,
			);
			productName = ClimateImpact;
			productReference = F42E229527764EDD00B552F4 /* ClimateImpact.app */;
			productType = "com.apple.product-type.application";
		};
		F42E22AA27764EE100B552F4 /* ClimateImpactTests */ = {
			isa = PBXNativeTarget;
			buildConfigurationList = F42E22C227764EE100B552F4 /* Build configuration list for PBXNativeTarget "ClimateImpactTests" */;
			buildPhases = (
				BFED72EEAB5ECEDB649E3DEC /* [CP] Check Pods Manifest.lock */,
				F42E22A727764EE100B552F4 /* Sources */,
				F42E22A827764EE100B552F4 /* Frameworks */,
				F42E22A927764EE100B552F4 /* Resources */,
			);
			buildRules = (
			);
			dependencies = (
				F42E22AD27764EE100B552F4 /* PBXTargetDependency */,
			);
			name = ClimateImpactTests;
			productName = ClimateImpactTests;
			productReference = F42E22AB27764EE100B552F4 /* ClimateImpactTests.xctest */;
			productType = "com.apple.product-type.bundle.unit-test";
		};
		F42E22B527764EE100B552F4 /* ClimateImpactUITests */ = {
			isa = PBXNativeTarget;
			buildConfigurationList = F42E22C527764EE100B552F4 /* Build configuration list for PBXNativeTarget "ClimateImpactUITests" */;
			buildPhases = (
				3C18D227CD09753521634196 /* [CP] Check Pods Manifest.lock */,
				F42E22B227764EE100B552F4 /* Sources */,
				F42E22B327764EE100B552F4 /* Frameworks */,
				F42E22B427764EE100B552F4 /* Resources */,
				D24E848F2E75E8C3C18AA2A2 /* [CP] Embed Pods Frameworks */,
			);
			buildRules = (
			);
			dependencies = (
				F42E22B827764EE100B552F4 /* PBXTargetDependency */,
			);
			name = ClimateImpactUITests;
			productName = ClimateImpactUITests;
			productReference = F42E22B627764EE100B552F4 /* ClimateImpactUITests.xctest */;
			productType = "com.apple.product-type.bundle.ui-testing";
		};
/* End PBXNativeTarget section */

/* Begin PBXProject section */
		F42E228D27764EDD00B552F4 /* Project object */ = {
			isa = PBXProject;
			attributes = {
				LastSwiftUpdateCheck = 1240;
				LastUpgradeCheck = 1240;
				TargetAttributes = {
					F42E229427764EDD00B552F4 = {
						CreatedOnToolsVersion = 12.4;
					};
					F42E22AA27764EE100B552F4 = {
						CreatedOnToolsVersion = 12.4;
						TestTargetID = F42E229427764EDD00B552F4;
					};
					F42E22B527764EE100B552F4 = {
						CreatedOnToolsVersion = 12.4;
						TestTargetID = F42E229427764EDD00B552F4;
					};
				};
			};
			buildConfigurationList = F42E229027764EDD00B552F4 /* Build configuration list for PBXProject "ClimateImpact" */;
			compatibilityVersion = "Xcode 9.3";
			developmentRegion = en;
			hasScannedForEncodings = 0;
			knownRegions = (
				en,
				Base,
			);
			mainGroup = F42E228C27764EDD00B552F4;
			packageReferences = (
				79A819212778341800A30FBB /* XCRemoteSwiftPackageReference "Alamofire" */,
			);
			productRefGroup = F42E229627764EDD00B552F4 /* Products */;
			projectDirPath = "";
			projectRoot = "";
			targets = (
				F42E229427764EDD00B552F4 /* ClimateImpact */,
				F42E22AA27764EE100B552F4 /* ClimateImpactTests */,
				F42E22B527764EE100B552F4 /* ClimateImpactUITests */,
			);
		};
/* End PBXProject section */

/* Begin PBXResourcesBuildPhase section */
		F42E229327764EDD00B552F4 /* Resources */ = {
			isa = PBXResourcesBuildPhase;
			buildActionMask = 2147483647;
			files = (
				F42E22A527764EE000B552F4 /* LaunchScreen.storyboard in Resources */,
				F42E22A227764EE000B552F4 /* Assets.xcassets in Resources */,
				F42E22A027764EDD00B552F4 /* Main.storyboard in Resources */,
				79A8192027782B8100A30FBB /* ClimateImpact Logo.png in Resources */,
				F42E23812777B15A00B552F4 /* PredictedElectricity.csv in Resources */,
				F42E23732777A8D500B552F4 /* ElectricityByCounty.csv in Resources */,
			);
			runOnlyForDeploymentPostprocessing = 0;
		};
		F42E22A927764EE100B552F4 /* Resources */ = {
			isa = PBXResourcesBuildPhase;
			buildActionMask = 2147483647;
			files = (
			);
			runOnlyForDeploymentPostprocessing = 0;
		};
		F42E22B427764EE100B552F4 /* Resources */ = {
			isa = PBXResourcesBuildPhase;
			buildActionMask = 2147483647;
			files = (
			);
			runOnlyForDeploymentPostprocessing = 0;
		};
/* End PBXResourcesBuildPhase section */

/* Begin PBXShellScriptBuildPhase section */
		3C18D227CD09753521634196 /* [CP] Check Pods Manifest.lock */ = {
			isa = PBXShellScriptBuildPhase;
			buildActionMask = 2147483647;
			files = (
			);
			inputFileListPaths = (
			);
			inputPaths = (
				"${PODS_PODFILE_DIR_PATH}/Podfile.lock",
				"${PODS_ROOT}/Manifest.lock",
			);
			name = "[CP] Check Pods Manifest.lock";
			outputFileListPaths = (
			);
			outputPaths = (
				"$(DERIVED_FILE_DIR)/Pods-ClimateImpact-ClimateImpactUITests-checkManifestLockResult.txt",
			);
			runOnlyForDeploymentPostprocessing = 0;
			shellPath = /bin/sh;
			shellScript = "diff \"${PODS_PODFILE_DIR_PATH}/Podfile.lock\" \"${PODS_ROOT}/Manifest.lock\" > /dev/null\nif [ $? != 0 ] ; then\n    # print error to STDERR\n    echo \"error: The sandbox is not in sync with the Podfile.lock. Run 'pod install' or update your CocoaPods installation.\" >&2\n    exit 1\nfi\n# This output is used by Xcode 'outputs' to avoid re-running this script phase.\necho \"SUCCESS\" > \"${SCRIPT_OUTPUT_FILE_0}\"\n";
			showEnvVarsInLog = 0;
		};
		BFED72EEAB5ECEDB649E3DEC /* [CP] Check Pods Manifest.lock */ = {
			isa = PBXShellScriptBuildPhase;
			buildActionMask = 2147483647;
			files = (
			);
			inputFileListPaths = (
			);
			inputPaths = (
				"${PODS_PODFILE_DIR_PATH}/Podfile.lock",
				"${PODS_ROOT}/Manifest.lock",
			);
			name = "[CP] Check Pods Manifest.lock";
			outputFileListPaths = (
			);
			outputPaths = (
				"$(DERIVED_FILE_DIR)/Pods-ClimateImpactTests-checkManifestLockResult.txt",
			);
			runOnlyForDeploymentPostprocessing = 0;
			shellPath = /bin/sh;
			shellScript = "diff \"${PODS_PODFILE_DIR_PATH}/Podfile.lock\" \"${PODS_ROOT}/Manifest.lock\" > /dev/null\nif [ $? != 0 ] ; then\n    # print error to STDERR\n    echo \"error: The sandbox is not in sync with the Podfile.lock. Run 'pod install' or update your CocoaPods installation.\" >&2\n    exit 1\nfi\n# This output is used by Xcode 'outputs' to avoid re-running this script phase.\necho \"SUCCESS\" > \"${SCRIPT_OUTPUT_FILE_0}\"\n";
			showEnvVarsInLog = 0;
		};
		C810798340F90648F703400D /* [CP] Check Pods Manifest.lock */ = {
			isa = PBXShellScriptBuildPhase;
			buildActionMask = 2147483647;
			files = (
			);
			inputFileListPaths = (
			);
			inputPaths = (
				"${PODS_PODFILE_DIR_PATH}/Podfile.lock",
				"${PODS_ROOT}/Manifest.lock",
			);
			name = "[CP] Check Pods Manifest.lock";
			outputFileListPaths = (
			);
			outputPaths = (
				"$(DERIVED_FILE_DIR)/Pods-ClimateImpact-checkManifestLockResult.txt",
			);
			runOnlyForDeploymentPostprocessing = 0;
			shellPath = /bin/sh;
			shellScript = "diff \"${PODS_PODFILE_DIR_PATH}/Podfile.lock\" \"${PODS_ROOT}/Manifest.lock\" > /dev/null\nif [ $? != 0 ] ; then\n    # print error to STDERR\n    echo \"error: The sandbox is not in sync with the Podfile.lock. Run 'pod install' or update your CocoaPods installation.\" >&2\n    exit 1\nfi\n# This output is used by Xcode 'outputs' to avoid re-running this script phase.\necho \"SUCCESS\" > \"${SCRIPT_OUTPUT_FILE_0}\"\n";
			showEnvVarsInLog = 0;
		};
		C8D304E922FB5F0E28BC0825 /* [CP] Embed Pods Frameworks */ = {
			isa = PBXShellScriptBuildPhase;
			buildActionMask = 2147483647;
			files = (
			);
			inputFileListPaths = (
				"${PODS_ROOT}/Target Support Files/Pods-ClimateImpact/Pods-ClimateImpact-frameworks-${CONFIGURATION}-input-files.xcfilelist",
			);
			name = "[CP] Embed Pods Frameworks";
			outputFileListPaths = (
				"${PODS_ROOT}/Target Support Files/Pods-ClimateImpact/Pods-ClimateImpact-frameworks-${CONFIGURATION}-output-files.xcfilelist",
			);
			runOnlyForDeploymentPostprocessing = 0;
			shellPath = /bin/sh;
			shellScript = "\"${PODS_ROOT}/Target Support Files/Pods-ClimateImpact/Pods-ClimateImpact-frameworks.sh\"\n";
			showEnvVarsInLog = 0;
		};
		D24E848F2E75E8C3C18AA2A2 /* [CP] Embed Pods Frameworks */ = {
			isa = PBXShellScriptBuildPhase;
			buildActionMask = 2147483647;
			files = (
			);
			inputFileListPaths = (
				"${PODS_ROOT}/Target Support Files/Pods-ClimateImpact-ClimateImpactUITests/Pods-ClimateImpact-ClimateImpactUITests-frameworks-${CONFIGURATION}-input-files.xcfilelist",
			);
			name = "[CP] Embed Pods Frameworks";
			outputFileListPaths = (
				"${PODS_ROOT}/Target Support Files/Pods-ClimateImpact-ClimateImpactUITests/Pods-ClimateImpact-ClimateImpactUITests-frameworks-${CONFIGURATION}-output-files.xcfilelist",
			);
			runOnlyForDeploymentPostprocessing = 0;
			shellPath = /bin/sh;
			shellScript = "\"${PODS_ROOT}/Target Support Files/Pods-ClimateImpact-ClimateImpactUITests/Pods-ClimateImpact-ClimateImpactUITests-frameworks.sh\"\n";
			showEnvVarsInLog = 0;
		};
/* End PBXShellScriptBuildPhase section */

/* Begin PBXSourcesBuildPhase section */
		F42E229127764EDD00B552F4 /* Sources */ = {
			isa = PBXSourcesBuildPhase;
			buildActionMask = 2147483647;
			files = (
				F42E23A327780AE800B552F4 /* DataSaverStruct.swift in Sources */,
				F42E23462776C4C400B552F4 /* RiskIndexViewController.swift in Sources */,
				F42E22ED2776879E00B552F4 /* LogInViewController.swift in Sources */,
				F42E22F72776883400B552F4 /* DashboardViewController.swift in Sources */,
				79A819252778344C00A30FBB /* APIFunctions.swift in Sources */,
				F42E233C2776C2B100B552F4 /* RiskMapViewController.swift in Sources */,
				F42E229D27764EDD00B552F4 /* WelcomeViewController.swift in Sources */,
				F42E234E2776C53C00B552F4 /* FootprintIndexViewController.swift in Sources */,
				F42E23062776891100B552F4 /* ChartViewController.swift in Sources */,
				F42E229927764EDD00B552F4 /* AppDelegate.swift in Sources */,
				F42E236D27779E5A00B552F4 /* SignUpQsViewControllers.swift in Sources */,
				F42E237C2777AF0F00B552F4 /* FactorsTableViewCell.swift in Sources */,
				F42E229B27764EDD00B552F4 /* SceneDelegate.swift in Sources */,
				F42E23412776C2F700B552F4 /* FootprintMapViewController.swift in Sources */,
				F42E22F22776880B00B552F4 /* SignUpViewController.swift in Sources */,
			);
			runOnlyForDeploymentPostprocessing = 0;
		};
		F42E22A727764EE100B552F4 /* Sources */ = {
			isa = PBXSourcesBuildPhase;
			buildActionMask = 2147483647;
			files = (
				F42E22B027764EE100B552F4 /* ClimateImpactTests.swift in Sources */,
			);
			runOnlyForDeploymentPostprocessing = 0;
		};
		F42E22B227764EE100B552F4 /* Sources */ = {
			isa = PBXSourcesBuildPhase;
			buildActionMask = 2147483647;
			files = (
				F42E22BB27764EE100B552F4 /* ClimateImpactUITests.swift in Sources */,
			);
			runOnlyForDeploymentPostprocessing = 0;
		};
/* End PBXSourcesBuildPhase section */

/* Begin PBXTargetDependency section */
		F42E22AD27764EE100B552F4 /* PBXTargetDependency */ = {
			isa = PBXTargetDependency;
			target = F42E229427764EDD00B552F4 /* ClimateImpact */;
			targetProxy = F42E22AC27764EE100B552F4 /* PBXContainerItemProxy */;
		};
		F42E22B827764EE100B552F4 /* PBXTargetDependency */ = {
			isa = PBXTargetDependency;
			target = F42E229427764EDD00B552F4 /* ClimateImpact */;
			targetProxy = F42E22B727764EE100B552F4 /* PBXContainerItemProxy */;
		};
/* End PBXTargetDependency section */

/* Begin PBXVariantGroup section */
		F42E229E27764EDD00B552F4 /* Main.storyboard */ = {
			isa = PBXVariantGroup;
			children = (
				F42E229F27764EDD00B552F4 /* Base */,
			);
			name = Main.storyboard;
			sourceTree = "<group>";
		};
		F42E22A327764EE000B552F4 /* LaunchScreen.storyboard */ = {
			isa = PBXVariantGroup;
			children = (
				F42E22A427764EE000B552F4 /* Base */,
			);
			name = LaunchScreen.storyboard;
			sourceTree = "<group>";
		};
/* End PBXVariantGroup section */

/* Begin XCBuildConfiguration section */
		F42E22BD27764EE100B552F4 /* Debug */ = {
			isa = XCBuildConfiguration;
			buildSettings = {
				ALWAYS_SEARCH_USER_PATHS = NO;
				CLANG_ANALYZER_NONNULL = YES;
				CLANG_ANALYZER_NUMBER_OBJECT_CONVERSION = YES_AGGRESSIVE;
				CLANG_CXX_LANGUAGE_STANDARD = "gnu++14";
				CLANG_CXX_LIBRARY = "libc++";
				CLANG_ENABLE_MODULES = YES;
				CLANG_ENABLE_OBJC_ARC = YES;
				CLANG_ENABLE_OBJC_WEAK = YES;
				CLANG_WARN_BLOCK_CAPTURE_AUTORELEASING = YES;
				CLANG_WARN_BOOL_CONVERSION = YES;
				CLANG_WARN_COMMA = YES;
				CLANG_WARN_CONSTANT_CONVERSION = YES;
				CLANG_WARN_DEPRECATED_OBJC_IMPLEMENTATIONS = YES;
				CLANG_WARN_DIRECT_OBJC_ISA_USAGE = YES_ERROR;
				CLANG_WARN_DOCUMENTATION_COMMENTS = YES;
				CLANG_WARN_EMPTY_BODY = YES;
				CLANG_WARN_ENUM_CONVERSION = YES;
				CLANG_WARN_INFINITE_RECURSION = YES;
				CLANG_WARN_INT_CONVERSION = YES;
				CLANG_WARN_NON_LITERAL_NULL_CONVERSION = YES;
				CLANG_WARN_OBJC_IMPLICIT_RETAIN_SELF = YES;
				CLANG_WARN_OBJC_LITERAL_CONVERSION = YES;
				CLANG_WARN_OBJC_ROOT_CLASS = YES_ERROR;
				CLANG_WARN_QUOTED_INCLUDE_IN_FRAMEWORK_HEADER = YES;
				CLANG_WARN_RANGE_LOOP_ANALYSIS = YES;
				CLANG_WARN_STRICT_PROTOTYPES = YES;
				CLANG_WARN_SUSPICIOUS_MOVE = YES;
				CLANG_WARN_UNGUARDED_AVAILABILITY = YES_AGGRESSIVE;
				CLANG_WARN_UNREACHABLE_CODE = YES;
				CLANG_WARN__DUPLICATE_METHOD_MATCH = YES;
				COPY_PHASE_STRIP = NO;
				DEBUG_INFORMATION_FORMAT = dwarf;
				ENABLE_STRICT_OBJC_MSGSEND = YES;
				ENABLE_TESTABILITY = YES;
				GCC_C_LANGUAGE_STANDARD = gnu11;
				GCC_DYNAMIC_NO_PIC = NO;
				GCC_NO_COMMON_BLOCKS = YES;
				GCC_OPTIMIZATION_LEVEL = 0;
				GCC_PREPROCESSOR_DEFINITIONS = (
					"DEBUG=1",
					"$(inherited)",
				);
				GCC_WARN_64_TO_32_BIT_CONVERSION = YES;
				GCC_WARN_ABOUT_RETURN_TYPE = YES_ERROR;
				GCC_WARN_UNDECLARED_SELECTOR = YES;
				GCC_WARN_UNINITIALIZED_AUTOS = YES_AGGRESSIVE;
				GCC_WARN_UNUSED_FUNCTION = YES;
				GCC_WARN_UNUSED_VARIABLE = YES;
				IPHONEOS_DEPLOYMENT_TARGET = 14.4;
				MTL_ENABLE_DEBUG_INFO = INCLUDE_SOURCE;
				MTL_FAST_MATH = YES;
				ONLY_ACTIVE_ARCH = YES;
				SDKROOT = iphoneos;
				SWIFT_ACTIVE_COMPILATION_CONDITIONS = DEBUG;
				SWIFT_OPTIMIZATION_LEVEL = "-Onone";
			};
			name = Debug;
		};
		F42E22BE27764EE100B552F4 /* Release */ = {
			isa = XCBuildConfiguration;
			buildSettings = {
				ALWAYS_SEARCH_USER_PATHS = NO;
				CLANG_ANALYZER_NONNULL = YES;
				CLANG_ANALYZER_NUMBER_OBJECT_CONVERSION = YES_AGGRESSIVE;
				CLANG_CXX_LANGUAGE_STANDARD = "gnu++14";
				CLANG_CXX_LIBRARY = "libc++";
				CLANG_ENABLE_MODULES = YES;
				CLANG_ENABLE_OBJC_ARC = YES;
				CLANG_ENABLE_OBJC_WEAK = YES;
				CLANG_WARN_BLOCK_CAPTURE_AUTORELEASING = YES;
				CLANG_WARN_BOOL_CONVERSION = YES;
				CLANG_WARN_COMMA = YES;
				CLANG_WARN_CONSTANT_CONVERSION = YES;
				CLANG_WARN_DEPRECATED_OBJC_IMPLEMENTATIONS = YES;
				CLANG_WARN_DIRECT_OBJC_ISA_USAGE = YES_ERROR;
				CLANG_WARN_DOCUMENTATION_COMMENTS = YES;
				CLANG_WARN_EMPTY_BODY = YES;
				CLANG_WARN_ENUM_CONVERSION = YES;
				CLANG_WARN_INFINITE_RECURSION = YES;
				CLANG_WARN_INT_CONVERSION = YES;
				CLANG_WARN_NON_LITERAL_NULL_CONVERSION = YES;
				CLANG_WARN_OBJC_IMPLICIT_RETAIN_SELF = YES;
				CLANG_WARN_OBJC_LITERAL_CONVERSION = YES;
				CLANG_WARN_OBJC_ROOT_CLASS = YES_ERROR;
				CLANG_WARN_QUOTED_INCLUDE_IN_FRAMEWORK_HEADER = YES;
				CLANG_WARN_RANGE_LOOP_ANALYSIS = YES;
				CLANG_WARN_STRICT_PROTOTYPES = YES;
				CLANG_WARN_SUSPICIOUS_MOVE = YES;
				CLANG_WARN_UNGUARDED_AVAILABILITY = YES_AGGRESSIVE;
				CLANG_WARN_UNREACHABLE_CODE = YES;
				CLANG_WARN__DUPLICATE_METHOD_MATCH = YES;
				COPY_PHASE_STRIP = NO;
				DEBUG_INFORMATION_FORMAT = "dwarf-with-dsym";
				ENABLE_NS_ASSERTIONS = NO;
				ENABLE_STRICT_OBJC_MSGSEND = YES;
				GCC_C_LANGUAGE_STANDARD = gnu11;
				GCC_NO_COMMON_BLOCKS = YES;
				GCC_WARN_64_TO_32_BIT_CONVERSION = YES;
				GCC_WARN_ABOUT_RETURN_TYPE = YES_ERROR;
				GCC_WARN_UNDECLARED_SELECTOR = YES;
				GCC_WARN_UNINITIALIZED_AUTOS = YES_AGGRESSIVE;
				GCC_WARN_UNUSED_FUNCTION = YES;
				GCC_WARN_UNUSED_VARIABLE = YES;
				IPHONEOS_DEPLOYMENT_TARGET = 14.4;
				MTL_ENABLE_DEBUG_INFO = NO;
				MTL_FAST_MATH = YES;
				SDKROOT = iphoneos;
				SWIFT_COMPILATION_MODE = wholemodule;
				SWIFT_OPTIMIZATION_LEVEL = "-O";
				VALIDATE_PRODUCT = YES;
			};
			name = Release;
		};
		F42E22C027764EE100B552F4 /* Debug */ = {
			isa = XCBuildConfiguration;
			baseConfigurationReference = 698793355FE09C280B7AE3A2 /* Pods-ClimateImpact.debug.xcconfig */;
			buildSettings = {
				ASSETCATALOG_COMPILER_APPICON_NAME = AppIcon;
				ASSETCATALOG_COMPILER_GLOBAL_ACCENT_COLOR_NAME = AccentColor;
				CODE_SIGN_STYLE = Automatic;
				INFOPLIST_FILE = ClimateImpact/Info.plist;
				LD_RUNPATH_SEARCH_PATHS = (
					"$(inherited)",
					"@executable_path/Frameworks",
				);
				PRODUCT_BUNDLE_IDENTIFIER = com.SrikarP.App1.ClimateImpact;
				PRODUCT_NAME = "$(TARGET_NAME)";
				SWIFT_VERSION = 5.0;
				TARGETED_DEVICE_FAMILY = "1,2";
			};
			name = Debug;
		};
		F42E22C127764EE100B552F4 /* Release */ = {
			isa = XCBuildConfiguration;
			baseConfigurationReference = 4C44FE96F5E529AB8FB6A921 /* Pods-ClimateImpact.release.xcconfig */;
			buildSettings = {
				ASSETCATALOG_COMPILER_APPICON_NAME = AppIcon;
				ASSETCATALOG_COMPILER_GLOBAL_ACCENT_COLOR_NAME = AccentColor;
				CODE_SIGN_STYLE = Automatic;
				INFOPLIST_FILE = ClimateImpact/Info.plist;
				LD_RUNPATH_SEARCH_PATHS = (
					"$(inherited)",
					"@executable_path/Frameworks",
				);
				PRODUCT_BUNDLE_IDENTIFIER = com.SrikarP.App1.ClimateImpact;
				PRODUCT_NAME = "$(TARGET_NAME)";
				SWIFT_VERSION = 5.0;
				TARGETED_DEVICE_FAMILY = "1,2";
			};
			name = Release;
		};
		F42E22C327764EE100B552F4 /* Debug */ = {
			isa = XCBuildConfiguration;
			baseConfigurationReference = 83834129A10BAC393B867821 /* Pods-ClimateImpactTests.debug.xcconfig */;
			buildSettings = {
				ALWAYS_EMBED_SWIFT_STANDARD_LIBRARIES = YES;
				BUNDLE_LOADER = "$(TEST_HOST)";
				CODE_SIGN_STYLE = Automatic;
				INFOPLIST_FILE = ClimateImpactTests/Info.plist;
				IPHONEOS_DEPLOYMENT_TARGET = 14.4;
				LD_RUNPATH_SEARCH_PATHS = (
					"$(inherited)",
					"@executable_path/Frameworks",
					"@loader_path/Frameworks",
				);
				PRODUCT_BUNDLE_IDENTIFIER = com.SrikarP.App1.ClimateImpactTests;
				PRODUCT_NAME = "$(TARGET_NAME)";
				SWIFT_VERSION = 5.0;
				TARGETED_DEVICE_FAMILY = "1,2";
				TEST_HOST = "$(BUILT_PRODUCTS_DIR)/ClimateImpact.app/ClimateImpact";
			};
			name = Debug;
		};
		F42E22C427764EE100B552F4 /* Release */ = {
			isa = XCBuildConfiguration;
			baseConfigurationReference = C639CA5551DB28E5F3FDFB25 /* Pods-ClimateImpactTests.release.xcconfig */;
			buildSettings = {
				ALWAYS_EMBED_SWIFT_STANDARD_LIBRARIES = YES;
				BUNDLE_LOADER = "$(TEST_HOST)";
				CODE_SIGN_STYLE = Automatic;
				INFOPLIST_FILE = ClimateImpactTests/Info.plist;
				IPHONEOS_DEPLOYMENT_TARGET = 14.4;
				LD_RUNPATH_SEARCH_PATHS = (
					"$(inherited)",
					"@executable_path/Frameworks",
					"@loader_path/Frameworks",
				);
				PRODUCT_BUNDLE_IDENTIFIER = com.SrikarP.App1.ClimateImpactTests;
				PRODUCT_NAME = "$(TARGET_NAME)";
				SWIFT_VERSION = 5.0;
				TARGETED_DEVICE_FAMILY = "1,2";
				TEST_HOST = "$(BUILT_PRODUCTS_DIR)/ClimateImpact.app/ClimateImpact";
			};
			name = Release;
		};
		F42E22C627764EE100B552F4 /* Debug */ = {
			isa = XCBuildConfiguration;
			baseConfigurationReference = FD06DE4F8FCE1C59CFC57C30 /* Pods-ClimateImpact-ClimateImpactUITests.debug.xcconfig */;
			buildSettings = {
				ALWAYS_EMBED_SWIFT_STANDARD_LIBRARIES = YES;
				CODE_SIGN_STYLE = Automatic;
				INFOPLIST_FILE = ClimateImpactUITests/Info.plist;
				LD_RUNPATH_SEARCH_PATHS = (
					"$(inherited)",
					"@executable_path/Frameworks",
					"@loader_path/Frameworks",
				);
				PRODUCT_BUNDLE_IDENTIFIER = com.SrikarP.App1.ClimateImpactUITests;
				PRODUCT_NAME = "$(TARGET_NAME)";
				SWIFT_VERSION = 5.0;
				TARGETED_DEVICE_FAMILY = "1,2";
				TEST_TARGET_NAME = ClimateImpact;
			};
			name = Debug;
		};
		F42E22C727764EE100B552F4 /* Release */ = {
			isa = XCBuildConfiguration;
			baseConfigurationReference = B5BFB2AFD91C018B143EA8A5 /* Pods-ClimateImpact-ClimateImpactUITests.release.xcconfig */;
			buildSettings = {
				ALWAYS_EMBED_SWIFT_STANDARD_LIBRARIES = YES;
				CODE_SIGN_STYLE = Automatic;
				INFOPLIST_FILE = ClimateImpactUITests/Info.plist;
				LD_RUNPATH_SEARCH_PATHS = (
					"$(inherited)",
					"@executable_path/Frameworks",
					"@loader_path/Frameworks",
				);
				PRODUCT_BUNDLE_IDENTIFIER = com.SrikarP.App1.ClimateImpactUITests;
				PRODUCT_NAME = "$(TARGET_NAME)";
				SWIFT_VERSION = 5.0;
				TARGETED_DEVICE_FAMILY = "1,2";
				TEST_TARGET_NAME = ClimateImpact;
			};
			name = Release;
		};
/* End XCBuildConfiguration section */

/* Begin XCConfigurationList section */
		F42E229027764EDD00B552F4 /* Build configuration list for PBXProject "ClimateImpact" */ = {
			isa = XCConfigurationList;
			buildConfigurations = (
				F42E22BD27764EE100B552F4 /* Debug */,
				F42E22BE27764EE100B552F4 /* Release */,
			);
			defaultConfigurationIsVisible = 0;
			defaultConfigurationName = Release;
		};
		F42E22BF27764EE100B552F4 /* Build configuration list for PBXNativeTarget "ClimateImpact" */ = {
			isa = XCConfigurationList;
			buildConfigurations = (
				F42E22C027764EE100B552F4 /* Debug */,
				F42E22C127764EE100B552F4 /* Release */,
			);
			defaultConfigurationIsVisible = 0;
			defaultConfigurationName = Release;
		};
		F42E22C227764EE100B552F4 /* Build configuration list for PBXNativeTarget "ClimateImpactTests" */ = {
			isa = XCConfigurationList;
			buildConfigurations = (
				F42E22C327764EE100B552F4 /* Debug */,
				F42E22C427764EE100B552F4 /* Release */,
			);
			defaultConfigurationIsVisible = 0;
			defaultConfigurationName = Release;
		};
		F42E22C527764EE100B552F4 /* Build configuration list for PBXNativeTarget "ClimateImpactUITests" */ = {
			isa = XCConfigurationList;
			buildConfigurations = (
				F42E22C627764EE100B552F4 /* Debug */,
				F42E22C727764EE100B552F4 /* Release */,
			);
			defaultConfigurationIsVisible = 0;
			defaultConfigurationName = Release;
		};
/* End XCConfigurationList section */

/* Begin XCRemoteSwiftPackageReference section */
		79A819212778341800A30FBB /* XCRemoteSwiftPackageReference "Alamofire" */ = {
			isa = XCRemoteSwiftPackageReference;
			repositoryURL = "https://github.com/Alamofire/Alamofire.git";
			requirement = {
				kind = upToNextMajorVersion;
				minimumVersion = 5.0.0;
			};
		};
/* End XCRemoteSwiftPackageReference section */

/* Begin XCSwiftPackageProductDependency section */
		79A819222778341800A30FBB /* Alamofire */ = {
			isa = XCSwiftPackageProductDependency;
			package = 79A819212778341800A30FBB /* XCRemoteSwiftPackageReference "Alamofire" */;
			productName = Alamofire;
		};
/* End XCSwiftPackageProductDependency section */
	};
	rootObject = F42E228D27764EDD00B552F4 /* Project object */;
}
